// !$*UTF8*$!
{
	archiveVersion = 1;
	classes = {
	};
	objectVersion = 50;
	objects = {

/* Begin PBXBuildFile section */
		4F0A101A228B6B4C0082A761 /* AppDelegate.swift in Sources */ = {isa = PBXBuildFile; fileRef = 4F0A1019228B6B4C0082A761 /* AppDelegate.swift */; };
		4F0A101C228B6B4C0082A761 /* ViewController.swift in Sources */ = {isa = PBXBuildFile; fileRef = 4F0A101B228B6B4C0082A761 /* ViewController.swift */; };
		4F0A101F228B6B4C0082A761 /* Main.storyboard in Resources */ = {isa = PBXBuildFile; fileRef = 4F0A101D228B6B4C0082A761 /* Main.storyboard */; };
		4F0A1021228B6B4D0082A761 /* Assets.xcassets in Resources */ = {isa = PBXBuildFile; fileRef = 4F0A1020228B6B4D0082A761 /* Assets.xcassets */; };
		4F0A1024228B6B4D0082A761 /* LaunchScreen.storyboard in Resources */ = {isa = PBXBuildFile; fileRef = 4F0A1022228B6B4D0082A761 /* LaunchScreen.storyboard */; };
		4F0A102D228B6DEF0082A761 /* PluginOneViewController.swift in Sources */ = {isa = PBXBuildFile; fileRef = 4F0A102C228B6DEF0082A761 /* PluginOneViewController.swift */; };
		4F0A1031228B6EA40082A761 /* PluginTwo.mlmodel in Sources */ = {isa = PBXBuildFile; fileRef = 4F0A1030228B6EA40082A761 /* PluginTwo.mlmodel */; };
		4F0A1033228B6F990082A761 /* PluginOneImageViewController.swift in Sources */ = {isa = PBXBuildFile; fileRef = 4F0A1032228B6F990082A761 /* PluginOneImageViewController.swift */; };
		4F739949228F5B9600DF03A4 /* AppLogo.jpg in Resources */ = {isa = PBXBuildFile; fileRef = 4F739948228F5B9600DF03A4 /* AppLogo.jpg */; };
		4FDE3CEC228C6F3D00557399 /* PluginTwoViewController.swift in Sources */ = {isa = PBXBuildFile; fileRef = 4FDE3CEB228C6F3D00557399 /* PluginTwoViewController.swift */; };
/* End PBXBuildFile section */

/* Begin PBXFileReference section */
		4F0A1016228B6B4C0082A761 /* Threshold.app */ = {isa = PBXFileReference; explicitFileType = wrapper.application; includeInIndex = 0; path = Threshold.app; sourceTree = BUILT_PRODUCTS_DIR; };
		4F0A1019228B6B4C0082A761 /* AppDelegate.swift */ = {isa = PBXFileReference; lastKnownFileType = sourcecode.swift; path = AppDelegate.swift; sourceTree = "<group>"; };
		4F0A101B228B6B4C0082A761 /* ViewController.swift */ = {isa = PBXFileReference; lastKnownFileType = sourcecode.swift; path = ViewController.swift; sourceTree = "<group>"; };
		4F0A101E228B6B4C0082A761 /* Base */ = {isa = PBXFileReference; lastKnownFileType = file.storyboard; name = Base; path = Base.lproj/Main.storyboard; sourceTree = "<group>"; };
		4F0A1020228B6B4D0082A761 /* Assets.xcassets */ = {isa = PBXFileReference; lastKnownFileType = folder.assetcatalog; path = Assets.xcassets; sourceTree = "<group>"; };
		4F0A1023228B6B4D0082A761 /* Base */ = {isa = PBXFileReference; lastKnownFileType = file.storyboard; name = Base; path = Base.lproj/LaunchScreen.storyboard; sourceTree = "<group>"; };
		4F0A1025228B6B4D0082A761 /* Info.plist */ = {isa = PBXFileReference; lastKnownFileType = text.plist.xml; path = Info.plist; sourceTree = "<group>"; };
		4F0A102C228B6DEF0082A761 /* PluginOneViewController.swift */ = {isa = PBXFileReference; lastKnownFileType = sourcecode.swift; path = PluginOneViewController.swift; sourceTree = "<group>"; };
		4F0A1030228B6EA40082A761 /* PluginTwo.mlmodel */ = {isa = PBXFileReference; lastKnownFileType = file.mlmodel; path = PluginTwo.mlmodel; sourceTree = "<group>"; };
		4F0A1032228B6F990082A761 /* PluginOneImageViewController.swift */ = {isa = PBXFileReference; lastKnownFileType = sourcecode.swift; name = PluginOneImageViewController.swift; path = ../../PluginOneImageViewController.swift; sourceTree = "<group>"; };
		4F739948228F5B9600DF03A4 /* AppLogo.jpg */ = {isa = PBXFileReference; lastKnownFileType = image.jpeg; name = AppLogo.jpg; path = Assets.xcassets/AppLogo.imageset/AppLogo.jpg; sourceTree = "<group>"; };
		4FDE3CEB228C6F3D00557399 /* PluginTwoViewController.swift */ = {isa = PBXFileReference; lastKnownFileType = sourcecode.swift; path = PluginTwoViewController.swift; sourceTree = "<group>"; };
/* End PBXFileReference section */

/* Begin PBXFrameworksBuildPhase section */
		4F0A1013228B6B4C0082A761 /* Frameworks */ = {
			isa = PBXFrameworksBuildPhase;
			buildActionMask = 2147483647;
			files = (
			);
			runOnlyForDeploymentPostprocessing = 0;
		};
/* End PBXFrameworksBuildPhase section */

/* Begin PBXGroup section */
		4F0A100D228B6B4C0082A761 = {
			isa = PBXGroup;
			children = (
				4F0A1018228B6B4C0082A761 /* Threshold */,
				4F0A1017228B6B4C0082A761 /* Products */,
			);
			sourceTree = "<group>";
		};
		4F0A1017228B6B4C0082A761 /* Products */ = {
			isa = PBXGroup;
			children = (
				4F0A1016228B6B4C0082A761 /* Threshold.app */,
			);
			name = Products;
			sourceTree = "<group>";
		};
		4F0A1018228B6B4C0082A761 /* Threshold */ = {
			isa = PBXGroup;
			children = (
				4F0A1019228B6B4C0082A761 /* AppDelegate.swift */,
				4F0A101B228B6B4C0082A761 /* ViewController.swift */,
				4F0A102B228B6DB00082A761 /* PluginOne */,
				4F762134228C6EF100D8AE5C /* PluginTwo */,
				4F0A101D228B6B4C0082A761 /* Main.storyboard */,
				4F0A1020228B6B4D0082A761 /* Assets.xcassets */,
				4F0A1022228B6B4D0082A761 /* LaunchScreen.storyboard */,
				4F0A1025228B6B4D0082A761 /* Info.plist */,
				4F739948228F5B9600DF03A4 /* AppLogo.jpg */,
			);
			path = Threshold;
			sourceTree = "<group>";
		};
		4F0A102B228B6DB00082A761 /* PluginOne */ = {
			isa = PBXGroup;
			children = (
				4F0A102C228B6DEF0082A761 /* PluginOneViewController.swift */,
				4F0A1032228B6F990082A761 /* PluginOneImageViewController.swift */,
				4F0A1030228B6EA40082A761 /* PluginTwo.mlmodel */,
			);
			path = PluginOne;
			sourceTree = "<group>";
		};
		4F762134228C6EF100D8AE5C /* PluginTwo */ = {
			isa = PBXGroup;
			children = (
				4FDE3CEB228C6F3D00557399 /* PluginTwoViewController.swift */,
			);
			name = PluginTwo;
			path = "New Group/PluginTwo";
			sourceTree = "<group>";
		};
/* End PBXGroup section */

/* Begin PBXNativeTarget section */
		4F0A1015228B6B4C0082A761 /* Threshold */ = {
			isa = PBXNativeTarget;
			buildConfigurationList = 4F0A1028228B6B4D0082A761 /* Build configuration list for PBXNativeTarget "Threshold" */;
			buildPhases = (
				4F0A1012228B6B4C0082A761 /* Sources */,
				4F0A1013228B6B4C0082A761 /* Frameworks */,
				4F0A1014228B6B4C0082A761 /* Resources */,
			);
			buildRules = (
			);
			dependencies = (
			);
			name = Threshold;
			productName = Threshold;
			productReference = 4F0A1016228B6B4C0082A761 /* Threshold.app */;
			productType = "com.apple.product-type.application";
		};
/* End PBXNativeTarget section */

/* Begin PBXProject section */
		4F0A100E228B6B4C0082A761 /* Project object */ = {
			isa = PBXProject;
			attributes = {
				LastSwiftUpdateCheck = 1020;
				LastUpgradeCheck = 1020;
				ORGANIZATIONNAME = "Martin Adolfsson";
				TargetAttributes = {
					4F0A1015228B6B4C0082A761 = {
						CreatedOnToolsVersion = 10.2.1;
					};
				};
			};
			buildConfigurationList = 4F0A1011228B6B4C0082A761 /* Build configuration list for PBXProject "Threshold" */;
			compatibilityVersion = "Xcode 9.3";
			developmentRegion = en;
			hasScannedForEncodings = 0;
			knownRegions = (
				en,
				Base,
			);
			mainGroup = 4F0A100D228B6B4C0082A761;
			productRefGroup = 4F0A1017228B6B4C0082A761 /* Products */;
			projectDirPath = "";
			projectRoot = "";
			targets = (
				4F0A1015228B6B4C0082A761 /* Threshold */,
			);
		};
/* End PBXProject section */

/* Begin PBXResourcesBuildPhase section */
		4F0A1014228B6B4C0082A761 /* Resources */ = {
			isa = PBXResourcesBuildPhase;
			buildActionMask = 2147483647;
			files = (
				4F739949228F5B9600DF03A4 /* AppLogo.jpg in Resources */,
				4F0A1024228B6B4D0082A761 /* LaunchScreen.storyboard in Resources */,
				4F0A1021228B6B4D0082A761 /* Assets.xcassets in Resources */,
				4F0A101F228B6B4C0082A761 /* Main.storyboard in Resources */,
			);
			runOnlyForDeploymentPostprocessing = 0;
		};
/* End PBXResourcesBuildPhase section */

/* Begin PBXSourcesBuildPhase section */
		4F0A1012228B6B4C0082A761 /* Sources */ = {
			isa = PBXSourcesBuildPhase;
			buildActionMask = 2147483647;
			files = (
				4FDE3CEC228C6F3D00557399 /* PluginTwoViewController.swift in Sources */,
				4F0A101C228B6B4C0082A761 /* ViewController.swift in Sources */,
				4F0A102D228B6DEF0082A761 /* PluginOneViewController.swift in Sources */,
				4F0A1033228B6F990082A761 /* PluginOneImageViewController.swift in Sources */,
				4F0A1031228B6EA40082A761 /* PluginTwo.mlmodel in Sources */,
				4F0A101A228B6B4C0082A761 /* AppDelegate.swift in Sources */,
			);
			runOnlyForDeploymentPostprocessing = 0;
		};
/* End PBXSourcesBuildPhase section */

/* Begin PBXVariantGroup section */
		4F0A101D228B6B4C0082A761 /* Main.storyboard */ = {
			isa = PBXVariantGroup;
			children = (
				4F0A101E228B6B4C0082A761 /* Base */,
			);
			name = Main.storyboard;
			sourceTree = "<group>";
		};
		4F0A1022228B6B4D0082A761 /* LaunchScreen.storyboard */ = {
			isa = PBXVariantGroup;
			children = (
				4F0A1023228B6B4D0082A761 /* Base */,
			);
			name = LaunchScreen.storyboard;
			sourceTree = "<group>";
		};
/* End PBXVariantGroup section */

/* Begin XCBuildConfiguration section */
		4F0A1026228B6B4D0082A761 /* Debug */ = {
			isa = XCBuildConfiguration;
			buildSettings = {
				ALWAYS_SEARCH_USER_PATHS = NO;
				CLANG_ANALYZER_NONNULL = YES;
				CLANG_ANALYZER_NUMBER_OBJECT_CONVERSION = YES_AGGRESSIVE;
				CLANG_CXX_LANGUAGE_STANDARD = "gnu++14";
				CLANG_CXX_LIBRARY = "libc++";
				CLANG_ENABLE_MODULES = YES;
				CLANG_ENABLE_OBJC_ARC = YES;
				CLANG_ENABLE_OBJC_WEAK = YES;
				CLANG_WARN_BLOCK_CAPTURE_AUTORELEASING = YES;
				CLANG_WARN_BOOL_CONVERSION = YES;
				CLANG_WARN_COMMA = YES;
				CLANG_WARN_CONSTANT_CONVERSION = YES;
				CLANG_WARN_DEPRECATED_OBJC_IMPLEMENTATIONS = YES;
				CLANG_WARN_DIRECT_OBJC_ISA_USAGE = YES_ERROR;
				CLANG_WARN_DOCUMENTATION_COMMENTS = YES;
				CLANG_WARN_EMPTY_BODY = YES;
				CLANG_WARN_ENUM_CONVERSION = YES;
				CLANG_WARN_INFINITE_RECURSION = YES;
				CLANG_WARN_INT_CONVERSION = YES;
				CLANG_WARN_NON_LITERAL_NULL_CONVERSION = YES;
				CLANG_WARN_OBJC_IMPLICIT_RETAIN_SELF = YES;
				CLANG_WARN_OBJC_LITERAL_CONVERSION = YES;
				CLANG_WARN_OBJC_ROOT_CLASS = YES_ERROR;
				CLANG_WARN_RANGE_LOOP_ANALYSIS = YES;
				CLANG_WARN_STRICT_PROTOTYPES = YES;
				CLANG_WARN_SUSPICIOUS_MOVE = YES;
				CLANG_WARN_UNGUARDED_AVAILABILITY = YES_AGGRESSIVE;
				CLANG_WARN_UNREACHABLE_CODE = YES;
				CLANG_WARN__DUPLICATE_METHOD_MATCH = YES;
				CODE_SIGN_IDENTITY = "iPhone Developer";
				COPY_PHASE_STRIP = NO;
				DEBUG_INFORMATION_FORMAT = dwarf;
				ENABLE_STRICT_OBJC_MSGSEND = YES;
				ENABLE_TESTABILITY = YES;
				GCC_C_LANGUAGE_STANDARD = gnu11;
				GCC_DYNAMIC_NO_PIC = NO;
				GCC_NO_COMMON_BLOCKS = YES;
				GCC_OPTIMIZATION_LEVEL = 0;
				GCC_PREPROCESSOR_DEFINITIONS = (
					"DEBUG=1",
					"$(inherited)",
				);
				GCC_WARN_64_TO_32_BIT_CONVERSION = YES;
				GCC_WARN_ABOUT_RETURN_TYPE = YES_ERROR;
				GCC_WARN_UNDECLARED_SELECTOR = YES;
				GCC_WARN_UNINITIALIZED_AUTOS = YES_AGGRESSIVE;
				GCC_WARN_UNUSED_FUNCTION = YES;
				GCC_WARN_UNUSED_VARIABLE = YES;
				IPHONEOS_DEPLOYMENT_TARGET = 12.2;
				MTL_ENABLE_DEBUG_INFO = INCLUDE_SOURCE;
				MTL_FAST_MATH = YES;
				ONLY_ACTIVE_ARCH = YES;
				SDKROOT = iphoneos;
				SWIFT_ACTIVE_COMPILATION_CONDITIONS = DEBUG;
				SWIFT_OPTIMIZATION_LEVEL = "-Onone";
			};
			name = Debug;
		};
		4F0A1027228B6B4D0082A761 /* Release */ = {
			isa = XCBuildConfiguration;
			buildSettings = {
				ALWAYS_SEARCH_USER_PATHS = NO;
				CLANG_ANALYZER_NONNULL = YES;
				CLANG_ANALYZER_NUMBER_OBJECT_CONVERSION = YES_AGGRESSIVE;
				CLANG_CXX_LANGUAGE_STANDARD = "gnu++14";
				CLANG_CXX_LIBRARY = "libc++";
				CLANG_ENABLE_MODULES = YES;
				CLANG_ENABLE_OBJC_ARC = YES;
				CLANG_ENABLE_OBJC_WEAK = YES;
				CLANG_WARN_BLOCK_CAPTURE_AUTORELEASING = YES;
				CLANG_WARN_BOOL_CONVERSION = YES;
				CLANG_WARN_COMMA = YES;
				CLANG_WARN_CONSTANT_CONVERSION = YES;
				CLANG_WARN_DEPRECATED_OBJC_IMPLEMENTATIONS = YES;
				CLANG_WARN_DIRECT_OBJC_ISA_USAGE = YES_ERROR;
				CLANG_WARN_DOCUMENTATION_COMMENTS = YES;
				CLANG_WARN_EMPTY_BODY = YES;
				CLANG_WARN_ENUM_CONVERSION = YES;
				CLANG_WARN_INFINITE_RECURSION = YES;
				CLANG_WARN_INT_CONVERSION = YES;
				CLANG_WARN_NON_LITERAL_NULL_CONVERSION = YES;
				CLANG_WARN_OBJC_IMPLICIT_RETAIN_SELF = YES;
				CLANG_WARN_OBJC_LITERAL_CONVERSION = YES;
				CLANG_WARN_OBJC_ROOT_CLASS = YES_ERROR;
				CLANG_WARN_RANGE_LOOP_ANALYSIS = YES;
				CLANG_WARN_STRICT_PROTOTYPES = YES;
				CLANG_WARN_SUSPICIOUS_MOVE = YES;
				CLANG_WARN_UNGUARDED_AVAILABILITY = YES_AGGRESSIVE;
				CLANG_WARN_UNREACHABLE_CODE = YES;
				CLANG_WARN__DUPLICATE_METHOD_MATCH = YES;
				CODE_SIGN_IDENTITY = "iPhone Developer";
				COPY_PHASE_STRIP = NO;
				DEBUG_INFORMATION_FORMAT = "dwarf-with-dsym";
				ENABLE_NS_ASSERTIONS = NO;
				ENABLE_STRICT_OBJC_MSGSEND = YES;
				GCC_C_LANGUAGE_STANDARD = gnu11;
				GCC_NO_COMMON_BLOCKS = YES;
				GCC_WARN_64_TO_32_BIT_CONVERSION = YES;
				GCC_WARN_ABOUT_RETURN_TYPE = YES_ERROR;
				GCC_WARN_UNDECLARED_SELECTOR = YES;
				GCC_WARN_UNINITIALIZED_AUTOS = YES_AGGRESSIVE;
				GCC_WARN_UNUSED_FUNCTION = YES;
				GCC_WARN_UNUSED_VARIABLE = YES;
				IPHONEOS_DEPLOYMENT_TARGET = 12.2;
				MTL_ENABLE_DEBUG_INFO = NO;
				MTL_FAST_MATH = YES;
				SDKROOT = iphoneos;
				SWIFT_COMPILATION_MODE = wholemodule;
				SWIFT_OPTIMIZATION_LEVEL = "-O";
				VALIDATE_PRODUCT = YES;
			};
			name = Release;
		};
		4F0A1029228B6B4D0082A761 /* Debug */ = {
			isa = XCBuildConfiguration;
			buildSettings = {
				ASSETCATALOG_COMPILER_APPICON_NAME = AppIcon;
				CODE_SIGN_STYLE = Automatic;
				DEVELOPMENT_TEAM = 2WVDHY99Q9;
				INFOPLIST_FILE = Threshold/Info.plist;
				LD_RUNPATH_SEARCH_PATHS = (
					"$(inherited)",
					"@executable_path/Frameworks",
				);
				PRODUCT_BUNDLE_IDENTIFIER = com.Threshold;
				PRODUCT_NAME = "$(TARGET_NAME)";
				SWIFT_VERSION = 5.0;
				TARGETED_DEVICE_FAMILY = 1;
			};
			name = Debug;
		};
		4F0A102A228B6B4D0082A761 /* Release */ = {
			isa = XCBuildConfiguration;
			buildSettings = {
				ASSETCATALOG_COMPILER_APPICON_NAME = AppIcon;
				CODE_SIGN_STYLE = Automatic;
				DEVELOPMENT_TEAM = 2WVDHY99Q9;
				INFOPLIST_FILE = Threshold/Info.plist;
				LD_RUNPATH_SEARCH_PATHS = (
					"$(inherited)",
					"@executable_path/Frameworks",
				);
				PRODUCT_BUNDLE_IDENTIFIER = com.Threshold;
				PRODUCT_NAME = "$(TARGET_NAME)";
				SWIFT_VERSION = 5.0;
				TARGETED_DEVICE_FAMILY = 1;
			};
			name = Release;
		};
/* End XCBuildConfiguration section */

/* Begin XCConfigurationList section */
		4F0A1011228B6B4C0082A761 /* Build configuration list for PBXProject "Threshold" */ = {
			isa = XCConfigurationList;
			buildConfigurations = (
				4F0A1026228B6B4D0082A761 /* Debug */,
				4F0A1027228B6B4D0082A761 /* Release */,
			);
			defaultConfigurationIsVisible = 0;
			defaultConfigurationName = Release;
		};
		4F0A1028228B6B4D0082A761 /* Build configuration list for PBXNativeTarget "Threshold" */ = {
			isa = XCConfigurationList;
			buildConfigurations = (
				4F0A1029228B6B4D0082A761 /* Debug */,
				4F0A102A228B6B4D0082A761 /* Release */,
			);
			defaultConfigurationIsVisible = 0;
			defaultConfigurationName = Release;
		};
/* End XCConfigurationList section */
	};
	rootObject = 4F0A100E228B6B4C0082A761 /* Project object */;
}
