// !$*UTF8*$!
{
	archiveVersion = 1;
	classes = {
	};
	objectVersion = 51;
	objects = {

/* Begin PBXBuildFile section */
		4F0A101A228B6B4C0082A761 /* AppDelegate.swift in Sources */ = {isa = PBXBuildFile; fileRef = 4F0A1019228B6B4C0082A761 /* AppDelegate.swift */; };
		4F0A101C228B6B4C0082A761 /* ViewController.swift in Sources */ = {isa = PBXBuildFile; fileRef = 4F0A101B228B6B4C0082A761 /* ViewController.swift */; };
		4F0A101F228B6B4C0082A761 /* Main.storyboard in Resources */ = {isa = PBXBuildFile; fileRef = 4F0A101D228B6B4C0082A761 /* Main.storyboard */; };
		4F0A1021228B6B4D0082A761 /* Assets.xcassets in Resources */ = {isa = PBXBuildFile; fileRef = 4F0A1020228B6B4D0082A761 /* Assets.xcassets */; };
		4F0A1024228B6B4D0082A761 /* LaunchScreen.storyboard in Resources */ = {isa = PBXBuildFile; fileRef = 4F0A1022228B6B4D0082A761 /* LaunchScreen.storyboard */; };
		4F0A102D228B6DEF0082A761 /* CaptureViewController.swift in Sources */ = {isa = PBXBuildFile; fileRef = 4F0A102C228B6DEF0082A761 /* CaptureViewController.swift */; };
		4F0A1033228B6F990082A761 /* ImageViewController.swift in Sources */ = {isa = PBXBuildFile; fileRef = 4F0A1032228B6F990082A761 /* ImageViewController.swift */; };
		4F58F96D24747411003EFA78 /* WelcomeViewController.swift in Sources */ = {isa = PBXBuildFile; fileRef = 4F58F96C24747411003EFA78 /* WelcomeViewController.swift */; };
		4F739949228F5B9600DF03A4 /* AppLogo.jpg in Resources */ = {isa = PBXBuildFile; fileRef = 4F739948228F5B9600DF03A4 /* AppLogo.jpg */; };
		4FA98B1E23DF978E00BE2DA8 /* StoredImage.swift in Sources */ = {isa = PBXBuildFile; fileRef = 4FA98B1D23DF978E00BE2DA8 /* StoredImage.swift */; };
		4FB2E39D24085445006BDC55 /* DetailsViewController.swift in Sources */ = {isa = PBXBuildFile; fileRef = 4FB2E39C24085445006BDC55 /* DetailsViewController.swift */; };
		4FD0A48F2461F61900E5618D /* ReviewImageViewController.swift in Sources */ = {isa = PBXBuildFile; fileRef = 4FD0A48E2461F61900E5618D /* ReviewImageViewController.swift */; };
		6C46617377C9FC600203BAF9 /* Pods_Threshold.framework in Frameworks */ = {isa = PBXBuildFile; fileRef = 6B03EDED8342CEBB8BDF0DD2 /* Pods_Threshold.framework */; };
/* End PBXBuildFile section */

/* Begin PBXFileReference section */
		2005620DEEFED8F631EDE32B /* Pods-Threshold.debug.xcconfig */ = {isa = PBXFileReference; includeInIndex = 1; lastKnownFileType = text.xcconfig; name = "Pods-Threshold.debug.xcconfig"; path = "Target Support Files/Pods-Threshold/Pods-Threshold.debug.xcconfig"; sourceTree = "<group>"; };
		4F0A1016228B6B4C0082A761 /* Threshold.app */ = {isa = PBXFileReference; explicitFileType = wrapper.application; includeInIndex = 0; path = Threshold.app; sourceTree = BUILT_PRODUCTS_DIR; };
		4F0A1019228B6B4C0082A761 /* AppDelegate.swift */ = {isa = PBXFileReference; lastKnownFileType = sourcecode.swift; path = AppDelegate.swift; sourceTree = "<group>"; };
		4F0A101B228B6B4C0082A761 /* ViewController.swift */ = {isa = PBXFileReference; lastKnownFileType = sourcecode.swift; path = ViewController.swift; sourceTree = "<group>"; };
		4F0A101E228B6B4C0082A761 /* Base */ = {isa = PBXFileReference; lastKnownFileType = file.storyboard; name = Base; path = Base.lproj/Main.storyboard; sourceTree = "<group>"; };
		4F0A1020228B6B4D0082A761 /* Assets.xcassets */ = {isa = PBXFileReference; lastKnownFileType = folder.assetcatalog; path = Assets.xcassets; sourceTree = "<group>"; };
		4F0A1023228B6B4D0082A761 /* Base */ = {isa = PBXFileReference; lastKnownFileType = file.storyboard; name = Base; path = Base.lproj/LaunchScreen.storyboard; sourceTree = "<group>"; };
		4F0A1025228B6B4D0082A761 /* Info.plist */ = {isa = PBXFileReference; lastKnownFileType = text.plist.xml; path = Info.plist; sourceTree = "<group>"; };
		4F0A102C228B6DEF0082A761 /* CaptureViewController.swift */ = {isa = PBXFileReference; lastKnownFileType = sourcecode.swift; path = CaptureViewController.swift; sourceTree = "<group>"; };
		4F0A1032228B6F990082A761 /* ImageViewController.swift */ = {isa = PBXFileReference; lastKnownFileType = sourcecode.swift; path = ImageViewController.swift; sourceTree = "<group>"; };
		4F58F96C24747411003EFA78 /* WelcomeViewController.swift */ = {isa = PBXFileReference; lastKnownFileType = sourcecode.swift; path = WelcomeViewController.swift; sourceTree = "<group>"; };
		4F739948228F5B9600DF03A4 /* AppLogo.jpg */ = {isa = PBXFileReference; lastKnownFileType = image.jpeg; name = AppLogo.jpg; path = Assets.xcassets/AppLogo.imageset/AppLogo.jpg; sourceTree = "<group>"; };
		4FA98B1D23DF978E00BE2DA8 /* StoredImage.swift */ = {isa = PBXFileReference; fileEncoding = 4; lastKnownFileType = sourcecode.swift; path = StoredImage.swift; sourceTree = "<group>"; };
		4FB2E39C24085445006BDC55 /* DetailsViewController.swift */ = {isa = PBXFileReference; fileEncoding = 4; lastKnownFileType = sourcecode.swift; path = DetailsViewController.swift; sourceTree = "<group>"; };
		4FD0A48E2461F61900E5618D /* ReviewImageViewController.swift */ = {isa = PBXFileReference; lastKnownFileType = sourcecode.swift; path = ReviewImageViewController.swift; sourceTree = "<group>"; };
		6B03EDED8342CEBB8BDF0DD2 /* Pods_Threshold.framework */ = {isa = PBXFileReference; explicitFileType = wrapper.framework; includeInIndex = 0; path = Pods_Threshold.framework; sourceTree = BUILT_PRODUCTS_DIR; };
		E1BD31ED9381E2DF239508F8 /* Pods-Threshold.release.xcconfig */ = {isa = PBXFileReference; includeInIndex = 1; lastKnownFileType = text.xcconfig; name = "Pods-Threshold.release.xcconfig"; path = "Target Support Files/Pods-Threshold/Pods-Threshold.release.xcconfig"; sourceTree = "<group>"; };
/* End PBXFileReference section */

/* Begin PBXFrameworksBuildPhase section */
		4F0A1013228B6B4C0082A761 /* Frameworks */ = {
			isa = PBXFrameworksBuildPhase;
			buildActionMask = 2147483647;
			files = (
				6C46617377C9FC600203BAF9 /* Pods_Threshold.framework in Frameworks */,
			);
			runOnlyForDeploymentPostprocessing = 0;
		};
/* End PBXFrameworksBuildPhase section */

/* Begin PBXGroup section */
		4F0A100D228B6B4C0082A761 = {
			isa = PBXGroup;
			children = (
				4F0A1018228B6B4C0082A761 /* Threshold */,
				4F0A1017228B6B4C0082A761 /* Products */,
				728B9BB4A0B676E3CF0C5035 /* Pods */,
				ACBA7AA44702227896610F48 /* Frameworks */,
			);
			sourceTree = "<group>";
		};
		4F0A1017228B6B4C0082A761 /* Products */ = {
			isa = PBXGroup;
			children = (
				4F0A1016228B6B4C0082A761 /* Threshold.app */,
			);
			name = Products;
			sourceTree = "<group>";
		};
		4F0A1018228B6B4C0082A761 /* Threshold */ = {
			isa = PBXGroup;
			children = (
				4F0A1019228B6B4C0082A761 /* AppDelegate.swift */,
				4F0A101B228B6B4C0082A761 /* ViewController.swift */,
				4FA98B1D23DF978E00BE2DA8 /* StoredImage.swift */,
				4F58F96B247473ED003EFA78 /* Welcome */,
				4F0A102B228B6DB00082A761 /* Capture and Image */,
				4FD0A48D2461F59E00E5618D /* Details and Review */,
				4F0A101D228B6B4C0082A761 /* Main.storyboard */,
				4F0A1022228B6B4D0082A761 /* LaunchScreen.storyboard */,
				4F0A1025228B6B4D0082A761 /* Info.plist */,
				4F739948228F5B9600DF03A4 /* AppLogo.jpg */,
				4F0A1020228B6B4D0082A761 /* Assets.xcassets */,
			);
			path = Threshold;
			sourceTree = "<group>";
		};
		4F0A102B228B6DB00082A761 /* Capture and Image */ = {
			isa = PBXGroup;
			children = (
				4F0A102C228B6DEF0082A761 /* CaptureViewController.swift */,
				4F0A1032228B6F990082A761 /* ImageViewController.swift */,
			);
			path = "Capture and Image";
			sourceTree = "<group>";
		};
		4F58F96B247473ED003EFA78 /* Welcome */ = {
			isa = PBXGroup;
			children = (
				4F58F96C24747411003EFA78 /* WelcomeViewController.swift */,
			);
			path = Welcome;
			sourceTree = "<group>";
		};
		4FD0A48D2461F59E00E5618D /* Details and Review */ = {
			isa = PBXGroup;
			children = (
				4FB2E39C24085445006BDC55 /* DetailsViewController.swift */,
				4FD0A48E2461F61900E5618D /* ReviewImageViewController.swift */,
			);
			path = "Details and Review";
			sourceTree = "<group>";
		};
		728B9BB4A0B676E3CF0C5035 /* Pods */ = {
			isa = PBXGroup;
			children = (
				2005620DEEFED8F631EDE32B /* Pods-Threshold.debug.xcconfig */,
				E1BD31ED9381E2DF239508F8 /* Pods-Threshold.release.xcconfig */,
			);
			path = Pods;
			sourceTree = "<group>";
		};
		ACBA7AA44702227896610F48 /* Frameworks */ = {
			isa = PBXGroup;
			children = (
				6B03EDED8342CEBB8BDF0DD2 /* Pods_Threshold.framework */,
			);
			name = Frameworks;
			sourceTree = "<group>";
		};
/* End PBXGroup section */

/* Begin PBXNativeTarget section */
		4F0A1015228B6B4C0082A761 /* Threshold */ = {
			isa = PBXNativeTarget;
			buildConfigurationList = 4F0A1028228B6B4D0082A761 /* Build configuration list for PBXNativeTarget "Threshold" */;
			buildPhases = (
				390EE4811A7DC270618E07DA /* [CP] Check Pods Manifest.lock */,
				4F0A1012228B6B4C0082A761 /* Sources */,
				4F0A1013228B6B4C0082A761 /* Frameworks */,
				4F0A1014228B6B4C0082A761 /* Resources */,
				09E13B8E2FD25F97A0C25683 /* [CP] Embed Pods Frameworks */,
			);
			buildRules = (
			);
			dependencies = (
			);
			name = Threshold;
			productName = Threshold;
			productReference = 4F0A1016228B6B4C0082A761 /* Threshold.app */;
			productType = "com.apple.product-type.application";
		};
/* End PBXNativeTarget section */

/* Begin PBXProject section */
		4F0A100E228B6B4C0082A761 /* Project object */ = {
			isa = PBXProject;
			attributes = {
				LastSwiftUpdateCheck = 1020;
				LastUpgradeCheck = 1020;
				ORGANIZATIONNAME = "Martin Adolfsson";
				TargetAttributes = {
					4F0A1015228B6B4C0082A761 = {
						CreatedOnToolsVersion = 10.2.1;
					};
				};
			};
			buildConfigurationList = 4F0A1011228B6B4C0082A761 /* Build configuration list for PBXProject "Threshold" */;
			compatibilityVersion = "Xcode 9.3";
			developmentRegion = en;
			hasScannedForEncodings = 0;
			knownRegions = (
				en,
				Base,
			);
			mainGroup = 4F0A100D228B6B4C0082A761;
			productRefGroup = 4F0A1017228B6B4C0082A761 /* Products */;
			projectDirPath = "";
			projectRoot = "";
			targets = (
				4F0A1015228B6B4C0082A761 /* Threshold */,
			);
		};
/* End PBXProject section */

/* Begin PBXResourcesBuildPhase section */
		4F0A1014228B6B4C0082A761 /* Resources */ = {
			isa = PBXResourcesBuildPhase;
			buildActionMask = 2147483647;
			files = (
				4F739949228F5B9600DF03A4 /* AppLogo.jpg in Resources */,
				4F0A1024228B6B4D0082A761 /* LaunchScreen.storyboard in Resources */,
				4F0A1021228B6B4D0082A761 /* Assets.xcassets in Resources */,
				4F0A101F228B6B4C0082A761 /* Main.storyboard in Resources */,
			);
			runOnlyForDeploymentPostprocessing = 0;
		};
/* End PBXResourcesBuildPhase section */

/* Begin PBXShellScriptBuildPhase section */
		09E13B8E2FD25F97A0C25683 /* [CP] Embed Pods Frameworks */ = {
			isa = PBXShellScriptBuildPhase;
			buildActionMask = 2147483647;
			files = (
			);
			inputFileListPaths = (
				"${PODS_ROOT}/Target Support Files/Pods-Threshold/Pods-Threshold-frameworks-${CONFIGURATION}-input-files.xcfilelist",
			);
			name = "[CP] Embed Pods Frameworks";
			outputFileListPaths = (
				"${PODS_ROOT}/Target Support Files/Pods-Threshold/Pods-Threshold-frameworks-${CONFIGURATION}-output-files.xcfilelist",
			);
			runOnlyForDeploymentPostprocessing = 0;
			shellPath = /bin/sh;
			shellScript = "\"${PODS_ROOT}/Target Support Files/Pods-Threshold/Pods-Threshold-frameworks.sh\"\n";
			showEnvVarsInLog = 0;
		};
		390EE4811A7DC270618E07DA /* [CP] Check Pods Manifest.lock */ = {
			isa = PBXShellScriptBuildPhase;
			buildActionMask = 2147483647;
			files = (
			);
			inputFileListPaths = (
			);
			inputPaths = (
				"${PODS_PODFILE_DIR_PATH}/Podfile.lock",
				"${PODS_ROOT}/Manifest.lock",
			);
			name = "[CP] Check Pods Manifest.lock";
			outputFileListPaths = (
			);
			outputPaths = (
				"$(DERIVED_FILE_DIR)/Pods-Threshold-checkManifestLockResult.txt",
			);
			runOnlyForDeploymentPostprocessing = 0;
			shellPath = /bin/sh;
			shellScript = "diff \"${PODS_PODFILE_DIR_PATH}/Podfile.lock\" \"${PODS_ROOT}/Manifest.lock\" > /dev/null\nif [ $? != 0 ] ; then\n    # print error to STDERR\n    echo \"error: The sandbox is not in sync with the Podfile.lock. Run 'pod install' or update your CocoaPods installation.\" >&2\n    exit 1\nfi\n# This output is used by Xcode 'outputs' to avoid re-running this script phase.\necho \"SUCCESS\" > \"${SCRIPT_OUTPUT_FILE_0}\"\n";
			showEnvVarsInLog = 0;
		};
/* End PBXShellScriptBuildPhase section */

/* Begin PBXSourcesBuildPhase section */
		4F0A1012228B6B4C0082A761 /* Sources */ = {
			isa = PBXSourcesBuildPhase;
			buildActionMask = 2147483647;
			files = (
				4F0A101C228B6B4C0082A761 /* ViewController.swift in Sources */,
				4F0A102D228B6DEF0082A761 /* CaptureViewController.swift in Sources */,
				4F58F96D24747411003EFA78 /* WelcomeViewController.swift in Sources */,
				4FD0A48F2461F61900E5618D /* ReviewImageViewController.swift in Sources */,
				4F0A1033228B6F990082A761 /* ImageViewController.swift in Sources */,
				4FB2E39D24085445006BDC55 /* DetailsViewController.swift in Sources */,
				4FA98B1E23DF978E00BE2DA8 /* StoredImage.swift in Sources */,
				4F0A101A228B6B4C0082A761 /* AppDelegate.swift in Sources */,
			);
			runOnlyForDeploymentPostprocessing = 0;
		};
/* End PBXSourcesBuildPhase section */

/* Begin PBXVariantGroup section */
		4F0A101D228B6B4C0082A761 /* Main.storyboard */ = {
			isa = PBXVariantGroup;
			children = (
				4F0A101E228B6B4C0082A761 /* Base */,
			);
			name = Main.storyboard;
			sourceTree = "<group>";
		};
		4F0A1022228B6B4D0082A761 /* LaunchScreen.storyboard */ = {
			isa = PBXVariantGroup;
			children = (
				4F0A1023228B6B4D0082A761 /* Base */,
			);
			name = LaunchScreen.storyboard;
			sourceTree = "<group>";
		};
/* End PBXVariantGroup section */

/* Begin XCBuildConfiguration section */
		4F0A1026228B6B4D0082A761 /* Debug */ = {
			isa = XCBuildConfiguration;
			buildSettings = {
				ALWAYS_SEARCH_USER_PATHS = NO;
				CLANG_ANALYZER_NONNULL = YES;
				CLANG_ANALYZER_NUMBER_OBJECT_CONVERSION = YES_AGGRESSIVE;
				CLANG_CXX_LANGUAGE_STANDARD = "gnu++14";
				CLANG_CXX_LIBRARY = "libc++";
				CLANG_ENABLE_MODULES = YES;
				CLANG_ENABLE_OBJC_ARC = YES;
				CLANG_ENABLE_OBJC_WEAK = YES;
				CLANG_WARN_BLOCK_CAPTURE_AUTORELEASING = YES;
				CLANG_WARN_BOOL_CONVERSION = YES;
				CLANG_WARN_COMMA = YES;
				CLANG_WARN_CONSTANT_CONVERSION = YES;
				CLANG_WARN_DEPRECATED_OBJC_IMPLEMENTATIONS = YES;
				CLANG_WARN_DIRECT_OBJC_ISA_USAGE = YES_ERROR;
				CLANG_WARN_DOCUMENTATION_COMMENTS = YES;
				CLANG_WARN_EMPTY_BODY = YES;
				CLANG_WARN_ENUM_CONVERSION = YES;
				CLANG_WARN_INFINITE_RECURSION = YES;
				CLANG_WARN_INT_CONVERSION = YES;
				CLANG_WARN_NON_LITERAL_NULL_CONVERSION = YES;
				CLANG_WARN_OBJC_IMPLICIT_RETAIN_SELF = YES;
				CLANG_WARN_OBJC_LITERAL_CONVERSION = YES;
				CLANG_WARN_OBJC_ROOT_CLASS = YES_ERROR;
				CLANG_WARN_RANGE_LOOP_ANALYSIS = YES;
				CLANG_WARN_STRICT_PROTOTYPES = YES;
				CLANG_WARN_SUSPICIOUS_MOVE = YES;
				CLANG_WARN_UNGUARDED_AVAILABILITY = YES_AGGRESSIVE;
				CLANG_WARN_UNREACHABLE_CODE = YES;
				CLANG_WARN__DUPLICATE_METHOD_MATCH = YES;
				CODE_SIGN_IDENTITY = "iPhone Developer";
				COPY_PHASE_STRIP = NO;
				DEBUG_INFORMATION_FORMAT = dwarf;
				ENABLE_STRICT_OBJC_MSGSEND = YES;
				ENABLE_TESTABILITY = YES;
				GCC_C_LANGUAGE_STANDARD = gnu11;
				GCC_DYNAMIC_NO_PIC = NO;
				GCC_NO_COMMON_BLOCKS = YES;
				GCC_OPTIMIZATION_LEVEL = 0;
				GCC_PREPROCESSOR_DEFINITIONS = (
					"DEBUG=1",
					"$(inherited)",
				);
				GCC_WARN_64_TO_32_BIT_CONVERSION = YES;
				GCC_WARN_ABOUT_RETURN_TYPE = YES_ERROR;
				GCC_WARN_UNDECLARED_SELECTOR = YES;
				GCC_WARN_UNINITIALIZED_AUTOS = YES_AGGRESSIVE;
				GCC_WARN_UNUSED_FUNCTION = YES;
				GCC_WARN_UNUSED_VARIABLE = YES;
				IPHONEOS_DEPLOYMENT_TARGET = 13.0;
				MTL_ENABLE_DEBUG_INFO = INCLUDE_SOURCE;
				MTL_FAST_MATH = YES;
				ONLY_ACTIVE_ARCH = YES;
				SDKROOT = iphoneos;
				SWIFT_ACTIVE_COMPILATION_CONDITIONS = DEBUG;
				SWIFT_OPTIMIZATION_LEVEL = "-Onone";
			};
			name = Debug;
		};
		4F0A1027228B6B4D0082A761 /* Release */ = {
			isa = XCBuildConfiguration;
			buildSettings = {
				ALWAYS_SEARCH_USER_PATHS = NO;
				CLANG_ANALYZER_NONNULL = YES;
				CLANG_ANALYZER_NUMBER_OBJECT_CONVERSION = YES_AGGRESSIVE;
				CLANG_CXX_LANGUAGE_STANDARD = "gnu++14";
				CLANG_CXX_LIBRARY = "libc++";
				CLANG_ENABLE_MODULES = YES;
				CLANG_ENABLE_OBJC_ARC = YES;
				CLANG_ENABLE_OBJC_WEAK = YES;
				CLANG_WARN_BLOCK_CAPTURE_AUTORELEASING = YES;
				CLANG_WARN_BOOL_CONVERSION = YES;
				CLANG_WARN_COMMA = YES;
				CLANG_WARN_CONSTANT_CONVERSION = YES;
				CLANG_WARN_DEPRECATED_OBJC_IMPLEMENTATIONS = YES;
				CLANG_WARN_DIRECT_OBJC_ISA_USAGE = YES_ERROR;
				CLANG_WARN_DOCUMENTATION_COMMENTS = YES;
				CLANG_WARN_EMPTY_BODY = YES;
				CLANG_WARN_ENUM_CONVERSION = YES;
				CLANG_WARN_INFINITE_RECURSION = YES;
				CLANG_WARN_INT_CONVERSION = YES;
				CLANG_WARN_NON_LITERAL_NULL_CONVERSION = YES;
				CLANG_WARN_OBJC_IMPLICIT_RETAIN_SELF = YES;
				CLANG_WARN_OBJC_LITERAL_CONVERSION = YES;
				CLANG_WARN_OBJC_ROOT_CLASS = YES_ERROR;
				CLANG_WARN_RANGE_LOOP_ANALYSIS = YES;
				CLANG_WARN_STRICT_PROTOTYPES = YES;
				CLANG_WARN_SUSPICIOUS_MOVE = YES;
				CLANG_WARN_UNGUARDED_AVAILABILITY = YES_AGGRESSIVE;
				CLANG_WARN_UNREACHABLE_CODE = YES;
				CLANG_WARN__DUPLICATE_METHOD_MATCH = YES;
				CODE_SIGN_IDENTITY = "iPhone Developer";
				COPY_PHASE_STRIP = NO;
				DEBUG_INFORMATION_FORMAT = "dwarf-with-dsym";
				ENABLE_NS_ASSERTIONS = NO;
				ENABLE_STRICT_OBJC_MSGSEND = YES;
				GCC_C_LANGUAGE_STANDARD = gnu11;
				GCC_NO_COMMON_BLOCKS = YES;
				GCC_WARN_64_TO_32_BIT_CONVERSION = YES;
				GCC_WARN_ABOUT_RETURN_TYPE = YES_ERROR;
				GCC_WARN_UNDECLARED_SELECTOR = YES;
				GCC_WARN_UNINITIALIZED_AUTOS = YES_AGGRESSIVE;
				GCC_WARN_UNUSED_FUNCTION = YES;
				GCC_WARN_UNUSED_VARIABLE = YES;
				IPHONEOS_DEPLOYMENT_TARGET = 13.0;
				MTL_ENABLE_DEBUG_INFO = NO;
				MTL_FAST_MATH = YES;
				SDKROOT = iphoneos;
				SWIFT_COMPILATION_MODE = wholemodule;
				SWIFT_OPTIMIZATION_LEVEL = "-O";
				VALIDATE_PRODUCT = YES;
			};
			name = Release;
		};
		4F0A1029228B6B4D0082A761 /* Debug */ = {
			isa = XCBuildConfiguration;
			baseConfigurationReference = 2005620DEEFED8F631EDE32B /* Pods-Threshold.debug.xcconfig */;
			buildSettings = {
				ASSETCATALOG_COMPILER_APPICON_NAME = AppIcon;
				CODE_SIGN_STYLE = Automatic;
				CURRENT_PROJECT_VERSION = 2;
				DEVELOPMENT_TEAM = 2WVDHY99Q9;
				INFOPLIST_FILE = Threshold/Info.plist;
				LD_RUNPATH_SEARCH_PATHS = (
					"$(inherited)",
					"@executable_path/Frameworks",
				);
				MARKETING_VERSION = 0.2;
				PRODUCT_BUNDLE_IDENTIFIER = com.Threshold;
				PRODUCT_NAME = "$(TARGET_NAME)";
				SWIFT_VERSION = 5.0;
				TARGETED_DEVICE_FAMILY = 1;
			};
			name = Debug;
		};
		4F0A102A228B6B4D0082A761 /* Release */ = {
			isa = XCBuildConfiguration;
			baseConfigurationReference = E1BD31ED9381E2DF239508F8 /* Pods-Threshold.release.xcconfig */;
			buildSettings = {
				ASSETCATALOG_COMPILER_APPICON_NAME = AppIcon;
				CODE_SIGN_STYLE = Automatic;
				CURRENT_PROJECT_VERSION = 2;
				DEVELOPMENT_TEAM = 2WVDHY99Q9;
				INFOPLIST_FILE = Threshold/Info.plist;
				LD_RUNPATH_SEARCH_PATHS = (
					"$(inherited)",
					"@executable_path/Frameworks",
				);
				MARKETING_VERSION = 0.2;
				PRODUCT_BUNDLE_IDENTIFIER = com.Threshold;
				PRODUCT_NAME = "$(TARGET_NAME)";
				SWIFT_VERSION = 5.0;
				TARGETED_DEVICE_FAMILY = 1;
			};
			name = Release;
		};
/* End XCBuildConfiguration section */

/* Begin XCConfigurationList section */
		4F0A1011228B6B4C0082A761 /* Build configuration list for PBXProject "Threshold" */ = {
			isa = XCConfigurationList;
			buildConfigurations = (
				4F0A1026228B6B4D0082A761 /* Debug */,
				4F0A1027228B6B4D0082A761 /* Release */,
			);
			defaultConfigurationIsVisible = 0;
			defaultConfigurationName = Release;
		};
		4F0A1028228B6B4D0082A761 /* Build configuration list for PBXNativeTarget "Threshold" */ = {
			isa = XCConfigurationList;
			buildConfigurations = (
				4F0A1029228B6B4D0082A761 /* Debug */,
				4F0A102A228B6B4D0082A761 /* Release */,
			);
			defaultConfigurationIsVisible = 0;
			defaultConfigurationName = Release;
		};
/* End XCConfigurationList section */
	};
	rootObject = 4F0A100E228B6B4C0082A761 /* Project object */;
}
